
Microsoft Visual Studio Solution File, Format Version 12.00
# Visual Studio 14
VisualStudioVersion = 14.0.25420.1
MinimumVisualStudioVersion = 10.0.40219.1
Project("{FAE04EC0-301F-11D3-BF4B-00C04F79EFBC}") = "BirdApi", "BirdApi\BirdApi.csproj", "{D38FBD18-C92F-4416-B69D-C64ED6A000AF}"
EndProject
Project("{FAE04EC0-301F-11D3-BF4B-00C04F79EFBC}") = "BirdApi.Tests", "BirdApi.Tests\BirdApi.Tests.csproj", "{F4A9DCDB-1062-4B65-9C81-36B48E4F8692}"
EndProject
Global
	GlobalSection(SolutionConfigurationPlatforms) = preSolution
		Debug|Any CPU = Debug|Any CPU
		Release|Any CPU = Release|Any CPU
	EndGlobalSection
	GlobalSection(ProjectConfigurationPlatforms) = postSolution
		{D38FBD18-C92F-4416-B69D-C64ED6A000AF}.Debug|Any CPU.ActiveCfg = Debug|Any CPU
		{D38FBD18-C92F-4416-B69D-C64ED6A000AF}.Debug|Any CPU.Build.0 = Debug|Any CPU
		{D38FBD18-C92F-4416-B69D-C64ED6A000AF}.Release|Any CPU.ActiveCfg = Release|Any CPU
		{D38FBD18-C92F-4416-B69D-C64ED6A000AF}.Release|Any CPU.Build.0 = Release|Any CPU
		{F4A9DCDB-1062-4B65-9C81-36B48E4F8692}.Debug|Any CPU.ActiveCfg = Debug|Any CPU
		{F4A9DCDB-1062-4B65-9C81-36B48E4F8692}.Debug|Any CPU.Build.0 = Debug|Any CPU
		{F4A9DCDB-1062-4B65-9C81-36B48E4F8692}.Release|Any CPU.ActiveCfg = Release|Any CPU
		{F4A9DCDB-1062-4B65-9C81-36B48E4F8692}.Release|Any CPU.Build.0 = Release|Any CPU
	EndGlobalSection
	GlobalSection(SolutionProperties) = preSolution
		HideSolutionNode = FALSE
	EndGlobalSection
EndGlobal
